
Microsoft Visual Studio Solution File, Format Version 12.00
# Visual Studio Version 16
VisualStudioVersion = 16.0.28803.202
MinimumVisualStudioVersion = 10.0.40219.1
Project("{2150E333-8FDC-42A3-9474-1A3956D46DE8}") = "Src", "Src", "{E54D66D4-4101-4B12-A10A-0DA06318FA21}"
EndProject
Project("{9A19103F-16F7-4668-BE54-9A1E7A4F7556}") = "YMB.WebApi", "YMB.WebApi\YMB.WebApi.csproj", "{208ECFA4-4762-4349-9CC6-B26D2EA7A8E6}"
EndProject
Project("{9A19103F-16F7-4668-BE54-9A1E7A4F7556}") = "YMB.AuthenticationCenter", "YMB.AuthenticationCenter\YMB.AuthenticationCenter.csproj", "{C5DD7A41-C7E2-4705-A590-09578BC2ADAD}"
EndProject
Project("{9A19103F-16F7-4668-BE54-9A1E7A4F7556}") = "YMB.Infrastructure", "YMB.Infrastructure\YMB.Infrastructure.csproj", "{E17DBA38-84BC-4CF0-B5B2-3BBD11BD70D3}"
EndProject
Project("{FAE04EC0-301F-11D3-BF4B-00C04F79EFBC}") = "YMB.MVC.Client", "YMB.MVC.Client\YMB.MVC.Client.csproj", "{DB456DAD-6AE7-42B6-8B39-59BCEEF6F1CD}"
EndProject
Global
	GlobalSection(SolutionConfigurationPlatforms) = preSolution
		Debug|Any CPU = Debug|Any CPU
		Release|Any CPU = Release|Any CPU
	EndGlobalSection
	GlobalSection(ProjectConfigurationPlatforms) = postSolution
		{208ECFA4-4762-4349-9CC6-B26D2EA7A8E6}.Debug|Any CPU.ActiveCfg = Debug|Any CPU
		{208ECFA4-4762-4349-9CC6-B26D2EA7A8E6}.Debug|Any CPU.Build.0 = Debug|Any CPU
		{208ECFA4-4762-4349-9CC6-B26D2EA7A8E6}.Release|Any CPU.ActiveCfg = Release|Any CPU
		{208ECFA4-4762-4349-9CC6-B26D2EA7A8E6}.Release|Any CPU.Build.0 = Release|Any CPU
		{C5DD7A41-C7E2-4705-A590-09578BC2ADAD}.Debug|Any CPU.ActiveCfg = Debug|Any CPU
		{C5DD7A41-C7E2-4705-A590-09578BC2ADAD}.Debug|Any CPU.Build.0 = Debug|Any CPU
		{C5DD7A41-C7E2-4705-A590-09578BC2ADAD}.Release|Any CPU.ActiveCfg = Release|Any CPU
		{C5DD7A41-C7E2-4705-A590-09578BC2ADAD}.Release|Any CPU.Build.0 = Release|Any CPU
		{E17DBA38-84BC-4CF0-B5B2-3BBD11BD70D3}.Debug|Any CPU.ActiveCfg = Debug|Any CPU
		{E17DBA38-84BC-4CF0-B5B2-3BBD11BD70D3}.Debug|Any CPU.Build.0 = Debug|Any CPU
		{E17DBA38-84BC-4CF0-B5B2-3BBD11BD70D3}.Release|Any CPU.ActiveCfg = Release|Any CPU
		{E17DBA38-84BC-4CF0-B5B2-3BBD11BD70D3}.Release|Any CPU.Build.0 = Release|Any CPU
		{DB456DAD-6AE7-42B6-8B39-59BCEEF6F1CD}.Debug|Any CPU.ActiveCfg = Debug|Any CPU
		{DB456DAD-6AE7-42B6-8B39-59BCEEF6F1CD}.Debug|Any CPU.Build.0 = Debug|Any CPU
		{DB456DAD-6AE7-42B6-8B39-59BCEEF6F1CD}.Release|Any CPU.ActiveCfg = Release|Any CPU
		{DB456DAD-6AE7-42B6-8B39-59BCEEF6F1CD}.Release|Any CPU.Build.0 = Release|Any CPU
	EndGlobalSection
	GlobalSection(SolutionProperties) = preSolution
		HideSolutionNode = FALSE
	EndGlobalSection
	GlobalSection(NestedProjects) = preSolution
		{208ECFA4-4762-4349-9CC6-B26D2EA7A8E6} = {E54D66D4-4101-4B12-A10A-0DA06318FA21}
		{C5DD7A41-C7E2-4705-A590-09578BC2ADAD} = {E54D66D4-4101-4B12-A10A-0DA06318FA21}
		{E17DBA38-84BC-4CF0-B5B2-3BBD11BD70D3} = {E54D66D4-4101-4B12-A10A-0DA06318FA21}
		{DB456DAD-6AE7-42B6-8B39-59BCEEF6F1CD} = {E54D66D4-4101-4B12-A10A-0DA06318FA21}
	EndGlobalSection
	GlobalSection(ExtensibilityGlobals) = postSolution
		SolutionGuid = {C85AF233-FFAE-4D26-8654-388378C629FC}
	EndGlobalSection
EndGlobal
