
Microsoft Visual Studio Solution File, Format Version 12.00
# Visual Studio 15
VisualStudioVersion = 15.0.28307.136
MinimumVisualStudioVersion = 10.0.40219.1
Project("{9A19103F-16F7-4668-BE54-9A1E7A4F7556}") = "SP.Core", "SP.Core\SP.Core.csproj", "{028B4B78-1E02-4C41-B56C-A935ADBBE14B}"
EndProject
Project("{9A19103F-16F7-4668-BE54-9A1E7A4F7556}") = "SP.Infrastructure", "SP.Infrastructure\SP.Infrastructure.csproj", "{E1626440-63AD-4925-BB7E-2A85F9EF89D5}"
EndProject
Project("{9A19103F-16F7-4668-BE54-9A1E7A4F7556}") = "SP.Models", "SP.Models\SP.Models.csproj", "{3132D025-C356-4E36-AB61-069159AC3E34}"
EndProject
Project("{9A19103F-16F7-4668-BE54-9A1E7A4F7556}") = "SP.Repository", "SP.Repository\SP.Repository.csproj", "{FC6B0FB9-145F-431A-8B89-51A783BAC581}"
EndProject
Project("{9A19103F-16F7-4668-BE54-9A1E7A4F7556}") = "Sp.Service", "Sp.Service\Sp.Service.csproj", "{F8AEF1D9-51EC-441C-B31F-4CEECBFC7D0C}"
EndProject
Project("{9A19103F-16F7-4668-BE54-9A1E7A4F7556}") = "Sp.UnitTest", "Sp.UnitTest\Sp.UnitTest.csproj", "{FF1E11F2-395D-4B22-A43C-C1C7B432D933}"
EndProject
Global
	GlobalSection(SolutionConfigurationPlatforms) = preSolution
		Debug|Any CPU = Debug|Any CPU
		Release|Any CPU = Release|Any CPU
	EndGlobalSection
	GlobalSection(ProjectConfigurationPlatforms) = postSolution
		{028B4B78-1E02-4C41-B56C-A935ADBBE14B}.Debug|Any CPU.ActiveCfg = Debug|Any CPU
		{028B4B78-1E02-4C41-B56C-A935ADBBE14B}.Debug|Any CPU.Build.0 = Debug|Any CPU
		{028B4B78-1E02-4C41-B56C-A935ADBBE14B}.Release|Any CPU.ActiveCfg = Release|Any CPU
		{028B4B78-1E02-4C41-B56C-A935ADBBE14B}.Release|Any CPU.Build.0 = Release|Any CPU
		{E1626440-63AD-4925-BB7E-2A85F9EF89D5}.Debug|Any CPU.ActiveCfg = Debug|Any CPU
		{E1626440-63AD-4925-BB7E-2A85F9EF89D5}.Debug|Any CPU.Build.0 = Debug|Any CPU
		{E1626440-63AD-4925-BB7E-2A85F9EF89D5}.Release|Any CPU.ActiveCfg = Release|Any CPU
		{E1626440-63AD-4925-BB7E-2A85F9EF89D5}.Release|Any CPU.Build.0 = Release|Any CPU
		{3132D025-C356-4E36-AB61-069159AC3E34}.Debug|Any CPU.ActiveCfg = Debug|Any CPU
		{3132D025-C356-4E36-AB61-069159AC3E34}.Debug|Any CPU.Build.0 = Debug|Any CPU
		{3132D025-C356-4E36-AB61-069159AC3E34}.Release|Any CPU.ActiveCfg = Release|Any CPU
		{3132D025-C356-4E36-AB61-069159AC3E34}.Release|Any CPU.Build.0 = Release|Any CPU
		{FC6B0FB9-145F-431A-8B89-51A783BAC581}.Debug|Any CPU.ActiveCfg = Debug|Any CPU
		{FC6B0FB9-145F-431A-8B89-51A783BAC581}.Debug|Any CPU.Build.0 = Debug|Any CPU
		{FC6B0FB9-145F-431A-8B89-51A783BAC581}.Release|Any CPU.ActiveCfg = Release|Any CPU
		{FC6B0FB9-145F-431A-8B89-51A783BAC581}.Release|Any CPU.Build.0 = Release|Any CPU
		{F8AEF1D9-51EC-441C-B31F-4CEECBFC7D0C}.Debug|Any CPU.ActiveCfg = Debug|Any CPU
		{F8AEF1D9-51EC-441C-B31F-4CEECBFC7D0C}.Debug|Any CPU.Build.0 = Debug|Any CPU
		{F8AEF1D9-51EC-441C-B31F-4CEECBFC7D0C}.Release|Any CPU.ActiveCfg = Release|Any CPU
		{F8AEF1D9-51EC-441C-B31F-4CEECBFC7D0C}.Release|Any CPU.Build.0 = Release|Any CPU
		{FF1E11F2-395D-4B22-A43C-C1C7B432D933}.Debug|Any CPU.ActiveCfg = Debug|Any CPU
		{FF1E11F2-395D-4B22-A43C-C1C7B432D933}.Debug|Any CPU.Build.0 = Debug|Any CPU
		{FF1E11F2-395D-4B22-A43C-C1C7B432D933}.Release|Any CPU.ActiveCfg = Release|Any CPU
		{FF1E11F2-395D-4B22-A43C-C1C7B432D933}.Release|Any CPU.Build.0 = Release|Any CPU
	EndGlobalSection
	GlobalSection(SolutionProperties) = preSolution
		HideSolutionNode = FALSE
	EndGlobalSection
	GlobalSection(ExtensibilityGlobals) = postSolution
		SolutionGuid = {C85AF233-FFAE-4D26-8654-388378C629FC}
	EndGlobalSection
EndGlobal
